
Microsoft Visual Studio Solution File, Format Version 12.00
# Visual Studio 14
VisualStudioVersion = 14.0.23107.0
MinimumVisualStudioVersion = 10.0.40219.1
Project("{FAE04EC0-301F-11D3-BF4B-00C04F79EFBC}") = "Delbert", "Delbert\Delbert.csproj", "{D0FEDB55-F224-4440-BAE7-C43B20CEEF5A}"
EndProject
Project("{FAE04EC0-301F-11D3-BF4B-00C04F79EFBC}") = "Delbert.UnitTests", "Delbert.UnitTests\Delbert.UnitTests.csproj", "{7A78B2FE-40F5-44CA-BCA6-3CA7F3F751F9}"
EndProject
Global
	GlobalSection(SolutionConfigurationPlatforms) = preSolution
		Debug|Any CPU = Debug|Any CPU
		Release|Any CPU = Release|Any CPU
	EndGlobalSection
	GlobalSection(ProjectConfigurationPlatforms) = postSolution
		{D0FEDB55-F224-4440-BAE7-C43B20CEEF5A}.Debug|Any CPU.ActiveCfg = Debug|Any CPU
		{D0FEDB55-F224-4440-BAE7-C43B20CEEF5A}.Debug|Any CPU.Build.0 = Debug|Any CPU
		{D0FEDB55-F224-4440-BAE7-C43B20CEEF5A}.Release|Any CPU.ActiveCfg = Release|Any CPU
		{D0FEDB55-F224-4440-BAE7-C43B20CEEF5A}.Release|Any CPU.Build.0 = Release|Any CPU
		{7A78B2FE-40F5-44CA-BCA6-3CA7F3F751F9}.Debug|Any CPU.ActiveCfg = Debug|Any CPU
		{7A78B2FE-40F5-44CA-BCA6-3CA7F3F751F9}.Debug|Any CPU.Build.0 = Debug|Any CPU
		{7A78B2FE-40F5-44CA-BCA6-3CA7F3F751F9}.Release|Any CPU.ActiveCfg = Release|Any CPU
		{7A78B2FE-40F5-44CA-BCA6-3CA7F3F751F9}.Release|Any CPU.Build.0 = Release|Any CPU
	EndGlobalSection
	GlobalSection(SolutionProperties) = preSolution
		HideSolutionNode = FALSE
	EndGlobalSection
EndGlobal
